
Microsoft Visual Studio Solution File, Format Version 12.00
# Visual Studio Version 17
VisualStudioVersion = 17.4.33213.308
MinimumVisualStudioVersion = 10.0.40219.1
Project("{9A19103F-16F7-4668-BE54-9A1E7A4F7556}") = "Anteiku.ConsoleUI", "Anteiku.ConsoleUI\Anteiku.ConsoleUI.csproj", "{B522218A-CB3F-4BE9-BAC6-69CB98C6B62D}"
EndProject
Project("{9A19103F-16F7-4668-BE54-9A1E7A4F7556}") = "Anteiku.BLL", "Anteinku.BLL\Anteiku.BLL.csproj", "{55A09BDC-88CE-4891-B8C3-8D9E1DB9F2C1}"
EndProject
Project("{9A19103F-16F7-4668-BE54-9A1E7A4F7556}") = "Anteiku.DAL", "Anteiku.DAL\Anteiku.DAL.csproj", "{E9F9A4ED-74F5-4E0E-AB02-1F54579950EE}"
EndProject
Project("{2150E333-8FDC-42A3-9474-1A3956D46DE8}") = "Solution Items", "Solution Items", "{FF9EA66A-93D3-456C-8AFA-9A993587D384}"
	ProjectSection(SolutionItems) = preProject
		Architecture.txt = Architecture.txt
		DomainEntities.txt = DomainEntities.txt
	EndProjectSection
EndProject
Project("{FAE04EC0-301F-11D3-BF4B-00C04F79EFBC}") = "Anteiku.WinForms", "Anteiku.WinForms\Anteiku.WinForms.csproj", "{7710077A-D88E-48D8-A62B-09819A0F40DB}"
EndProject
Global
	GlobalSection(SolutionConfigurationPlatforms) = preSolution
		Debug|Any CPU = Debug|Any CPU
		Release|Any CPU = Release|Any CPU
	EndGlobalSection
	GlobalSection(ProjectConfigurationPlatforms) = postSolution
		{B522218A-CB3F-4BE9-BAC6-69CB98C6B62D}.Debug|Any CPU.ActiveCfg = Debug|Any CPU
		{B522218A-CB3F-4BE9-BAC6-69CB98C6B62D}.Debug|Any CPU.Build.0 = Debug|Any CPU
		{B522218A-CB3F-4BE9-BAC6-69CB98C6B62D}.Release|Any CPU.ActiveCfg = Release|Any CPU
		{B522218A-CB3F-4BE9-BAC6-69CB98C6B62D}.Release|Any CPU.Build.0 = Release|Any CPU
		{55A09BDC-88CE-4891-B8C3-8D9E1DB9F2C1}.Debug|Any CPU.ActiveCfg = Debug|Any CPU
		{55A09BDC-88CE-4891-B8C3-8D9E1DB9F2C1}.Debug|Any CPU.Build.0 = Debug|Any CPU
		{55A09BDC-88CE-4891-B8C3-8D9E1DB9F2C1}.Release|Any CPU.ActiveCfg = Release|Any CPU
		{55A09BDC-88CE-4891-B8C3-8D9E1DB9F2C1}.Release|Any CPU.Build.0 = Release|Any CPU
		{E9F9A4ED-74F5-4E0E-AB02-1F54579950EE}.Debug|Any CPU.ActiveCfg = Debug|Any CPU
		{E9F9A4ED-74F5-4E0E-AB02-1F54579950EE}.Debug|Any CPU.Build.0 = Debug|Any CPU
		{E9F9A4ED-74F5-4E0E-AB02-1F54579950EE}.Release|Any CPU.ActiveCfg = Release|Any CPU
		{E9F9A4ED-74F5-4E0E-AB02-1F54579950EE}.Release|Any CPU.Build.0 = Release|Any CPU
		{7710077A-D88E-48D8-A62B-09819A0F40DB}.Debug|Any CPU.ActiveCfg = Debug|Any CPU
		{7710077A-D88E-48D8-A62B-09819A0F40DB}.Debug|Any CPU.Build.0 = Debug|Any CPU
		{7710077A-D88E-48D8-A62B-09819A0F40DB}.Release|Any CPU.ActiveCfg = Release|Any CPU
		{7710077A-D88E-48D8-A62B-09819A0F40DB}.Release|Any CPU.Build.0 = Release|Any CPU
	EndGlobalSection
	GlobalSection(SolutionProperties) = preSolution
		HideSolutionNode = FALSE
	EndGlobalSection
	GlobalSection(ExtensibilityGlobals) = postSolution
		SolutionGuid = {175B372D-DB5F-4BB2-9E8F-37B0C00D54A5}
	EndGlobalSection
EndGlobal
